{
  "nodes": {
    "home-manager": {
      "inputs": {
        "nixpkgs": [
          "nixpkgs"
        ]
      },
      "locked": {
        "lastModified": 1616106770,
        "narHash": "sha256-Is3w00c8NM8q/AReQI5l4AN3mn9mcTYEEU/CeG1tmZU=",
        "owner": "nix-community",
        "repo": "home-manager",
        "rev": "f30b62a74d05e055208bea448442b9fc483e9fa5",
        "type": "github"
      },
      "original": {
        "owner": "nix-community",
        "repo": "home-manager",
        "type": "github"
      }
    },
    "nixos-hardware": {
      "locked": {
        "lastModified": 1615652054,
        "narHash": "sha256-jqXKU8Ovpi7MmPRqGf2FB3QOPcZtGwO2MFc0AYiOPjg=",
        "owner": "NixOS",
        "repo": "nixos-hardware",
        "rev": "31f61b90ddb9257b94888ee17ccf96236e180c76",
        "type": "github"
      },
      "original": {
        "owner": "NixOS",
        "ref": "master",
        "repo": "nixos-hardware",
        "type": "github"
      }
    },
    "nixpkgs": {
      "locked": {
        "lastModified": 1616174264,
        "narHash": "sha256-88Pu2xh1p2tixNxdijfqoCqq9ymkEx0d6jc7ycWavLo=",
        "owner": "nixos",
        "repo": "nixpkgs",
        "rev": "f5e8bdd07d1afaabf6b37afc5497b1e498b8046f",
        "type": "github"
      },
      "original": {
        "owner": "nixos",
        "ref": "nixos-unstable",
        "repo": "nixpkgs",
        "type": "github"
      }
    },
    "root": {
      "inputs": {
        "home-manager": "home-manager",
        "nixos-hardware": "nixos-hardware",
        "nixpkgs": "nixpkgs"
      }
    }
  },
  "root": "root",
  "version": 7
}
