{
  "nodes": {
    "home-manager": {
      "inputs": {
        "nixpkgs": [
          "nixpkgs"
        ]
      },
      "locked": {
        "lastModified": 1606046962,
        "narHash": "sha256-244JrrVFht/VMRItDcDlrcwejqpqJInDUWA/x6mucW4=",
        "owner": "nix-community",
        "repo": "home-manager",
        "rev": "a3a0f1289acac24ce2ffe0481bf8cabd3a6ccc64",
        "type": "github"
      },
      "original": {
        "owner": "nix-community",
        "repo": "home-manager",
        "type": "github"
      }
    },
    "nixpkgs": {
      "locked": {
        "lastModified": 1605744920,
        "narHash": "sha256-FGg6wSlUv4A0Mue4snu2VRNZOoJVT2+vLkfJ2HGcFeQ=",
        "owner": "nixos",
        "repo": "nixpkgs",
        "rev": "a322b32e9d74fb476944ff6cfb55833dc69cfaaa",
        "type": "github"
      },
      "original": {
        "owner": "nixos",
        "ref": "nixos-unstable",
        "repo": "nixpkgs",
        "type": "github"
      }
    },
    "root": {
      "inputs": {
        "home-manager": "home-manager",
        "nixpkgs": "nixpkgs"
      }
    }
  },
  "root": "root",
  "version": 7
}
